{
  "name": "test-app",
  "version": "1.0.0",
  "lockfileVersion": 3,
  "requires": true,
  "packages": {
    "": {
      "name": "test-app",
      "version": "1.0.0",
      "license": "ISC",
      "dependencies": {
        "llm-entropy-filter": "^1.0.1"
      }
    },
    "node_modules/llm-entropy-filter": {
      "version": "1.0.1",
      "resolved": "https://registry.npmjs.org/llm-entropy-filter/-/llm-entropy-filter-1.0.1.tgz",
      "integrity": "sha512-q+kKorrkw2T0icRu8JhFlzs30bPbAYQWEXjmZPU6Mdb3q6nIpj88O7XQgu7Nb5wrCbUMPR8CnOeeJFRUONXsAw==",
      "license": "Apache-2.0",
      "engines": {
        "node": ">=18"
      }
    }
  }
}
